{
  "nodes": {
    "home-manager": {
      "inputs": {
        "nixpkgs": [
          "nixpkgs"
        ]
      },
      "locked": {
        "lastModified": 1647210221,
        "narHash": "sha256-mUWwEq+ReRQjIqj28ClqmBDyKV4fr6C5ufqlXLzZFsk=",
        "owner": "nix-community",
        "repo": "home-manager",
        "rev": "8eb7c009f09f1f7b1ec151e5d537104acf42213a",
        "type": "github"
      },
      "original": {
        "owner": "nix-community",
        "repo": "home-manager",
        "type": "github"
      }
    },
    "nixos-hardware": {
      "locked": {
        "lastModified": 1632990363,
        "narHash": "sha256-SNqz+9Vt4yDHqw8u/CMFdzMQTulKoMlVGJdshfcb5O0=",
        "owner": "NixOS",
        "repo": "nixos-hardware",
        "rev": "0a8b8054c9920368a3c15e6d766188fdf04b736f",
        "type": "github"
      },
      "original": {
        "owner": "NixOS",
        "ref": "master",
        "repo": "nixos-hardware",
        "type": "github"
      }
    },
    "nixpkgs": {
      "locked": {
        "lastModified": 1646441403,
        "narHash": "sha256-yVVzcUrTUI3PNO5NOBPhftmHIdFcql+BOyyyUQGlVdU=",
        "owner": "nixos",
        "repo": "nixpkgs",
        "rev": "dc40ef66835e49e5ee9e927bbd2d619a0ec93464",
        "type": "github"
      },
      "original": {
        "owner": "nixos",
        "repo": "nixpkgs",
        "rev": "dc40ef66835e49e5ee9e927bbd2d619a0ec93464",
        "type": "github"
      }
    },
    "root": {
      "inputs": {
        "home-manager": "home-manager",
        "nixos-hardware": "nixos-hardware",
        "nixpkgs": "nixpkgs"
      }
    }
  },
  "root": "root",
  "version": 7
}
