{
  "nodes": {
    "home-manager": {
      "inputs": {
        "nixpkgs": [
          "nixpkgs"
        ]
      },
      "locked": {
        "lastModified": 1631740142,
        "narHash": "sha256-FnwtaJ+fZw2QzsCqGJW4kJd9hXiPxPgfi+9dwratk28=",
        "owner": "nix-community",
        "repo": "home-manager",
        "rev": "371576cdc2580ba93a38e28da8ece2129f558815",
        "type": "github"
      },
      "original": {
        "owner": "nix-community",
        "repo": "home-manager",
        "type": "github"
      }
    },
    "nixos-hardware": {
      "locked": {
        "lastModified": 1631525163,
        "narHash": "sha256-sHwZa4C1edJn1ngPtlHGJQatvh1aiAeLEqn2i1wcph4=",
        "owner": "NixOS",
        "repo": "nixos-hardware",
        "rev": "a387b870f809ca62edb231ded669302d389a6401",
        "type": "github"
      },
      "original": {
        "owner": "NixOS",
        "ref": "master",
        "repo": "nixos-hardware",
        "type": "github"
      }
    },
    "nixpkgs": {
      "locked": {
        "lastModified": 1632226202,
        "narHash": "sha256-Pk3/TLo1rBcAN3Xfoz8FojgpFeirQRx6y3+skSzJwco=",
        "owner": "NixOS",
        "repo": "nixpkgs",
        "rev": "b6e2f5391f184ca8bc5872199cedb06d1cee55b0",
        "type": "github"
      },
      "original": {
        "id": "nixpkgs",
        "type": "indirect"
      }
    },
    "root": {
      "inputs": {
        "home-manager": "home-manager",
        "nixos-hardware": "nixos-hardware",
        "nixpkgs": "nixpkgs"
      }
    }
  },
  "root": "root",
  "version": 7
}
